Microsoft Visual Studio Solution File, Format Version 12.00
# Visual Studio Version 17
VisualStudioVersion = 17.5.2.0
MinimumVisualStudioVersion = 10.0.40219.1
Project("{FAE04EC0-301F-11D3-BF4B-00C04F79EFBC}") = "kategoriduellen.Api", "kategoriduellen.Api.csproj", "{ED0C1545-B090-8CD7-F715-28E92A82D2CE}"
EndProject
Global
	GlobalSection(SolutionConfigurationPlatforms) = preSolution
		Debug|Any CPU = Debug|Any CPU
		Release|Any CPU = Release|Any CPU
	EndGlobalSection
	GlobalSection(ProjectConfigurationPlatforms) = postSolution
		{ED0C1545-B090-8CD7-F715-28E92A82D2CE}.Debug|Any CPU.ActiveCfg = Debug|Any CPU
		{ED0C1545-B090-8CD7-F715-28E92A82D2CE}.Debug|Any CPU.Build.0 = Debug|Any CPU
		{ED0C1545-B090-8CD7-F715-28E92A82D2CE}.Release|Any CPU.ActiveCfg = Release|Any CPU
		{ED0C1545-B090-8CD7-F715-28E92A82D2CE}.Release|Any CPU.Build.0 = Release|Any CPU
	EndGlobalSection
	GlobalSection(SolutionProperties) = preSolution
		HideSolutionNode = FALSE
	EndGlobalSection
	GlobalSection(ExtensibilityGlobals) = postSolution
		SolutionGuid = {E43F8194-BC72-4758-832E-6156E3E2FC83}
	EndGlobalSection
EndGlobal
